
Microsoft Visual Studio Solution File, Format Version 12.00
# Visual Studio Version 17
VisualStudioVersion = 17.3.32901.215
MinimumVisualStudioVersion = 10.0.40219.1
Project("{FAE04EC0-301F-11D3-BF4B-00C04F79EFBC}") = "GenshinDB-WPF", "GenshinDB-WPF.csproj", "{30FBCB65-6CAD-4E33-8B1B-B6132025A03E}"
EndProject
Project("{00D1A9C2-B5F0-4AF3-8072-F6C62B433612}") = "GenshinDB", "..\GenshinDB\GenshinDB.sqlproj", "{6F001AB8-BEE3-4443-80DB-8A03B9DB19E4}"
EndProject
Global
	GlobalSection(SolutionConfigurationPlatforms) = preSolution
		Debug|Any CPU = Debug|Any CPU
		Release|Any CPU = Release|Any CPU
	EndGlobalSection
	GlobalSection(ProjectConfigurationPlatforms) = postSolution
		{30FBCB65-6CAD-4E33-8B1B-B6132025A03E}.Debug|Any CPU.ActiveCfg = Debug|Any CPU
		{30FBCB65-6CAD-4E33-8B1B-B6132025A03E}.Debug|Any CPU.Build.0 = Debug|Any CPU
		{30FBCB65-6CAD-4E33-8B1B-B6132025A03E}.Release|Any CPU.ActiveCfg = Release|Any CPU
		{30FBCB65-6CAD-4E33-8B1B-B6132025A03E}.Release|Any CPU.Build.0 = Release|Any CPU
		{6F001AB8-BEE3-4443-80DB-8A03B9DB19E4}.Debug|Any CPU.ActiveCfg = Debug|Any CPU
		{6F001AB8-BEE3-4443-80DB-8A03B9DB19E4}.Debug|Any CPU.Build.0 = Debug|Any CPU
		{6F001AB8-BEE3-4443-80DB-8A03B9DB19E4}.Debug|Any CPU.Deploy.0 = Debug|Any CPU
		{6F001AB8-BEE3-4443-80DB-8A03B9DB19E4}.Release|Any CPU.ActiveCfg = Release|Any CPU
		{6F001AB8-BEE3-4443-80DB-8A03B9DB19E4}.Release|Any CPU.Build.0 = Release|Any CPU
		{6F001AB8-BEE3-4443-80DB-8A03B9DB19E4}.Release|Any CPU.Deploy.0 = Release|Any CPU
	EndGlobalSection
	GlobalSection(SolutionProperties) = preSolution
		HideSolutionNode = FALSE
	EndGlobalSection
	GlobalSection(ExtensibilityGlobals) = postSolution
		SolutionGuid = {9F213693-BC30-4D9D-A2AA-CF17F90D4DC7}
	EndGlobalSection
EndGlobal
